
Microsoft Visual Studio Solution File, Format Version 12.00
# Visual Studio Version 17
VisualStudioVersion = 17.5.33530.505
MinimumVisualStudioVersion = 10.0.40219.1
Project("{9A19103F-16F7-4668-BE54-9A1E7A4F7556}") = "PWC-TestApp", "PWC-TestApp\PWC-TestApp.csproj", "{17C20C5D-2F85-4B2C-9E2A-2BAE68B707B4}"
EndProject
Project("{FAE04EC0-301F-11D3-BF4B-00C04F79EFBC}") = "PWC-TestApp.Test", "PWC-TestApp.Test\PWC-TestApp.Test.csproj", "{1DAF0503-1BA3-418E-9920-37E74854FB51}"
EndProject
Global
	GlobalSection(SolutionConfigurationPlatforms) = preSolution
		Debug|Any CPU = Debug|Any CPU
		Release|Any CPU = Release|Any CPU
	EndGlobalSection
	GlobalSection(ProjectConfigurationPlatforms) = postSolution
		{17C20C5D-2F85-4B2C-9E2A-2BAE68B707B4}.Debug|Any CPU.ActiveCfg = Debug|Any CPU
		{17C20C5D-2F85-4B2C-9E2A-2BAE68B707B4}.Debug|Any CPU.Build.0 = Debug|Any CPU
		{17C20C5D-2F85-4B2C-9E2A-2BAE68B707B4}.Release|Any CPU.ActiveCfg = Release|Any CPU
		{17C20C5D-2F85-4B2C-9E2A-2BAE68B707B4}.Release|Any CPU.Build.0 = Release|Any CPU
		{1DAF0503-1BA3-418E-9920-37E74854FB51}.Debug|Any CPU.ActiveCfg = Debug|Any CPU
		{1DAF0503-1BA3-418E-9920-37E74854FB51}.Debug|Any CPU.Build.0 = Debug|Any CPU
		{1DAF0503-1BA3-418E-9920-37E74854FB51}.Release|Any CPU.ActiveCfg = Release|Any CPU
		{1DAF0503-1BA3-418E-9920-37E74854FB51}.Release|Any CPU.Build.0 = Release|Any CPU
	EndGlobalSection
	GlobalSection(SolutionProperties) = preSolution
		HideSolutionNode = FALSE
	EndGlobalSection
	GlobalSection(ExtensibilityGlobals) = postSolution
		SolutionGuid = {FC93E12A-E5AA-40E5-ABB5-4DAAD70598D7}
	EndGlobalSection
EndGlobal
